# This file is automatically @generated by Cargo.
# It is not intended for manual editing.
version = 4

[[package]]
name = "ahash"
version = "0.8.12"
source = "registry+https://github.com/rust-lang/crates.io-index"
checksum = "5a15f179cd60c4584b8a8c596927aadc462e27f2ca70c04e0071964a73ba7a75"
dependencies = [
 "cfg-if",
 "once_cell",
 "version_check",
 "zerocopy",
]

[[package]]
name = "aho-corasick"
version = "1.1.4"
source = "registry+https://github.com/rust-lang/crates.io-index"
checksum = "ddd31a130427c27518df266943a5308ed92d4b226cc639f5a8f1002816174301"
dependencies = [
 "memchr",
]

[[package]]
name = "anyhow"
version = "1.0.100"
source = "registry+https://github.com/rust-lang/crates.io-index"
checksum = "a23eb6b1614318a8071c9b2521f36b424b2c83db5eb3a0fead4a6c0809af6e61"

[[package]]
name = "arborium-ada"
version = "1.0.8"
dependencies = [
 "arborium-sysroot",
 "arborium-test-harness",
 "arborium-tree-sitter",
 "cc",
]

[[package]]
name = "arborium-ada-plugin"
version = "0.1.0"
dependencies = [
 "arborium-ada",
 "arborium-plugin-runtime",
 "arborium-wire",
 "cc",
 "wit-bindgen",
]

[[package]]
name = "arborium-agda"
version = "1.0.8"
dependencies = [
 "arborium-sysroot",
 "arborium-test-harness",
 "arborium-tree-sitter",
 "cc",
]

[[package]]
name = "arborium-agda-plugin"
version = "0.1.0"
dependencies = [
 "arborium-agda",
 "arborium-plugin-runtime",
 "arborium-wire",
 "cc",
 "wit-bindgen",
]

[[package]]
name = "arborium-asciidoc"
version = "1.0.8"
dependencies = [
 "arborium-sysroot",
 "arborium-test-harness",
 "arborium-tree-sitter",
 "cc",
]

[[package]]
name = "arborium-asciidoc-plugin"
version = "0.1.0"
dependencies = [
 "arborium-asciidoc",
 "arborium-plugin-runtime",
 "arborium-wire",
 "cc",
 "wit-bindgen",
]

[[package]]
name = "arborium-asm"
version = "1.0.8"
dependencies = [
 "arborium-sysroot",
 "arborium-test-harness",
 "arborium-tree-sitter",
 "cc",
]

[[package]]
name = "arborium-asm-plugin"
version = "0.1.0"
dependencies = [
 "arborium-asm",
 "arborium-plugin-runtime",
 "arborium-wire",
 "cc",
 "wit-bindgen",
]

[[package]]
name = "arborium-awk"
version = "1.0.8"
dependencies = [
 "arborium-sysroot",
 "arborium-test-harness",
 "arborium-tree-sitter",
 "cc",
]

[[package]]
name = "arborium-awk-plugin"
version = "0.1.0"
dependencies = [
 "arborium-awk",
 "arborium-plugin-runtime",
 "arborium-wire",
 "cc",
 "wit-bindgen",
]

[[package]]
name = "arborium-bash"
version = "1.0.8"
dependencies = [
 "arborium-sysroot",
 "arborium-test-harness",
 "arborium-tree-sitter",
 "cc",
]

[[package]]
name = "arborium-bash-plugin"
version = "0.1.0"
dependencies = [
 "arborium-bash",
 "arborium-plugin-runtime",
 "arborium-wire",
 "cc",
 "wit-bindgen",
]

[[package]]
name = "arborium-batch"
version = "1.0.8"
dependencies = [
 "arborium-sysroot",
 "arborium-test-harness",
 "arborium-tree-sitter",
 "cc",
]

[[package]]
name = "arborium-batch-plugin"
version = "0.1.0"
dependencies = [
 "arborium-batch",
 "arborium-plugin-runtime",
 "arborium-wire",
 "cc",
 "wit-bindgen",
]

[[package]]
name = "arborium-c"
version = "1.0.8"
dependencies = [
 "arborium-sysroot",
 "arborium-test-harness",
 "arborium-tree-sitter",
 "cc",
]

[[package]]
name = "arborium-c-plugin"
version = "0.1.0"
dependencies = [
 "arborium-c",
 "arborium-plugin-runtime",
 "arborium-wire",
 "cc",
 "wit-bindgen",
]

[[package]]
name = "arborium-c-sharp"
version = "1.0.8"
dependencies = [
 "arborium-sysroot",
 "arborium-test-harness",
 "arborium-tree-sitter",
 "cc",
]

[[package]]
name = "arborium-c-sharp-plugin"
version = "0.1.0"
dependencies = [
 "arborium-c-sharp",
 "arborium-plugin-runtime",
 "arborium-wire",
 "cc",
 "wit-bindgen",
]

[[package]]
name = "arborium-caddy"
version = "1.0.8"
dependencies = [
 "arborium-sysroot",
 "arborium-test-harness",
 "arborium-tree-sitter",
 "cc",
]

[[package]]
name = "arborium-caddy-plugin"
version = "0.1.0"
dependencies = [
 "arborium-caddy",
 "arborium-plugin-runtime",
 "arborium-wire",
 "cc",
 "wit-bindgen",
]

[[package]]
name = "arborium-capnp"
version = "1.0.8"
dependencies = [
 "arborium-sysroot",
 "arborium-test-harness",
 "arborium-tree-sitter",
 "cc",
]

[[package]]
name = "arborium-capnp-plugin"
version = "0.1.0"
dependencies = [
 "arborium-capnp",
 "arborium-plugin-runtime",
 "arborium-wire",
 "cc",
 "wit-bindgen",
]

[[package]]
name = "arborium-clojure"
version = "1.0.8"
dependencies = [
 "arborium-sysroot",
 "arborium-test-harness",
 "arborium-tree-sitter",
 "cc",
]

[[package]]
name = "arborium-clojure-plugin"
version = "0.1.0"
dependencies = [
 "arborium-clojure",
 "arborium-plugin-runtime",
 "arborium-wire",
 "cc",
 "wit-bindgen",
]

[[package]]
name = "arborium-cmake"
version = "1.0.8"
dependencies = [
 "arborium-sysroot",
 "arborium-test-harness",
 "arborium-tree-sitter",
 "cc",
]

[[package]]
name = "arborium-cmake-plugin"
version = "0.1.0"
dependencies = [
 "arborium-cmake",
 "arborium-plugin-runtime",
 "arborium-wire",
 "cc",
 "wit-bindgen",
]

[[package]]
name = "arborium-commonlisp"
version = "1.0.8"
dependencies = [
 "arborium-sysroot",
 "arborium-test-harness",
 "arborium-tree-sitter",
 "cc",
]

[[package]]
name = "arborium-commonlisp-plugin"
version = "0.1.0"
dependencies = [
 "arborium-commonlisp",
 "arborium-plugin-runtime",
 "arborium-wire",
 "cc",
 "wit-bindgen",
]

[[package]]
name = "arborium-cpp"
version = "1.0.8"
dependencies = [
 "arborium-c",
 "arborium-sysroot",
 "arborium-test-harness",
 "arborium-tree-sitter",
 "cc",
]

[[package]]
name = "arborium-cpp-plugin"
version = "0.1.0"
dependencies = [
 "arborium-cpp",
 "arborium-plugin-runtime",
 "arborium-wire",
 "cc",
 "wit-bindgen",
]

[[package]]
name = "arborium-css"
version = "1.0.8"
dependencies = [
 "arborium-sysroot",
 "arborium-test-harness",
 "arborium-tree-sitter",
 "cc",
]

[[package]]
name = "arborium-css-plugin"
version = "0.1.0"
dependencies = [
 "arborium-css",
 "arborium-plugin-runtime",
 "arborium-wire",
 "cc",
 "wit-bindgen",
]

[[package]]
name = "arborium-d"
version = "1.0.8"
dependencies = [
 "arborium-sysroot",
 "arborium-test-harness",
 "arborium-tree-sitter",
 "cc",
]

[[package]]
name = "arborium-d-plugin"
version = "0.1.0"
dependencies = [
 "arborium-d",
 "arborium-plugin-runtime",
 "arborium-wire",
 "cc",
 "wit-bindgen",
]

[[package]]
name = "arborium-dart"
version = "1.0.8"
dependencies = [
 "arborium-sysroot",
 "arborium-test-harness",
 "arborium-tree-sitter",
 "cc",
]

[[package]]
name = "arborium-dart-plugin"
version = "0.1.0"
dependencies = [
 "arborium-dart",
 "arborium-plugin-runtime",
 "arborium-wire",
 "cc",
 "wit-bindgen",
]

[[package]]
name = "arborium-devicetree"
version = "1.0.8"
dependencies = [
 "arborium-sysroot",
 "arborium-test-harness",
 "arborium-tree-sitter",
 "cc",
]

[[package]]
name = "arborium-devicetree-plugin"
version = "0.1.0"
dependencies = [
 "arborium-devicetree",
 "arborium-plugin-runtime",
 "arborium-wire",
 "cc",
 "wit-bindgen",
]

[[package]]
name = "arborium-diff"
version = "1.0.8"
dependencies = [
 "arborium-sysroot",
 "arborium-test-harness",
 "arborium-tree-sitter",
 "cc",
]

[[package]]
name = "arborium-diff-plugin"
version = "0.1.0"
dependencies = [
 "arborium-diff",
 "arborium-plugin-runtime",
 "arborium-wire",
 "cc",
 "wit-bindgen",
]

[[package]]
name = "arborium-dockerfile"
version = "1.0.8"
dependencies = [
 "arborium-sysroot",
 "arborium-test-harness",
 "arborium-tree-sitter",
 "cc",
]

[[package]]
name = "arborium-dockerfile-plugin"
version = "0.1.0"
dependencies = [
 "arborium-dockerfile",
 "arborium-plugin-runtime",
 "arborium-wire",
 "cc",
 "wit-bindgen",
]

[[package]]
name = "arborium-dot"
version = "1.0.8"
dependencies = [
 "arborium-sysroot",
 "arborium-test-harness",
 "arborium-tree-sitter",
 "cc",
]

[[package]]
name = "arborium-dot-plugin"
version = "0.1.0"
dependencies = [
 "arborium-dot",
 "arborium-plugin-runtime",
 "arborium-wire",
 "cc",
 "wit-bindgen",
]

[[package]]
name = "arborium-elisp"
version = "1.0.8"
dependencies = [
 "arborium-sysroot",
 "arborium-test-harness",
 "arborium-tree-sitter",
 "cc",
]

[[package]]
name = "arborium-elisp-plugin"
version = "0.1.0"
dependencies = [
 "arborium-elisp",
 "arborium-plugin-runtime",
 "arborium-wire",
 "cc",
 "wit-bindgen",
]

[[package]]
name = "arborium-elixir"
version = "1.0.8"
dependencies = [
 "arborium-sysroot",
 "arborium-test-harness",
 "arborium-tree-sitter",
 "cc",
]

[[package]]
name = "arborium-elixir-plugin"
version = "0.1.0"
dependencies = [
 "arborium-elixir",
 "arborium-plugin-runtime",
 "arborium-wire",
 "cc",
 "wit-bindgen",
]

[[package]]
name = "arborium-elm"
version = "1.0.8"
dependencies = [
 "arborium-sysroot",
 "arborium-test-harness",
 "arborium-tree-sitter",
 "cc",
]

[[package]]
name = "arborium-elm-plugin"
version = "0.1.0"
dependencies = [
 "arborium-elm",
 "arborium-plugin-runtime",
 "arborium-wire",
 "cc",
 "wit-bindgen",
]

[[package]]
name = "arborium-erlang"
version = "1.0.8"
dependencies = [
 "arborium-sysroot",
 "arborium-test-harness",
 "arborium-tree-sitter",
 "cc",
]

[[package]]
name = "arborium-erlang-plugin"
version = "0.1.0"
dependencies = [
 "arborium-erlang",
 "arborium-plugin-runtime",
 "arborium-wire",
 "cc",
 "wit-bindgen",
]

[[package]]
name = "arborium-fish"
version = "1.0.8"
dependencies = [
 "arborium-sysroot",
 "arborium-test-harness",
 "arborium-tree-sitter",
 "cc",
]

[[package]]
name = "arborium-fish-plugin"
version = "0.1.0"
dependencies = [
 "arborium-fish",
 "arborium-plugin-runtime",
 "arborium-wire",
 "cc",
 "wit-bindgen",
]

[[package]]
name = "arborium-fsharp"
version = "1.0.8"
dependencies = [
 "arborium-sysroot",
 "arborium-test-harness",
 "arborium-tree-sitter",
 "cc",
]

[[package]]
name = "arborium-fsharp-plugin"
version = "0.1.0"
dependencies = [
 "arborium-fsharp",
 "arborium-plugin-runtime",
 "arborium-wire",
 "cc",
 "wit-bindgen",
]

[[package]]
name = "arborium-gleam"
version = "1.0.8"
dependencies = [
 "arborium-sysroot",
 "arborium-test-harness",
 "arborium-tree-sitter",
 "cc",
]

[[package]]
name = "arborium-gleam-plugin"
version = "0.1.0"
dependencies = [
 "arborium-gleam",
 "arborium-plugin-runtime",
 "arborium-wire",
 "cc",
 "wit-bindgen",
]

[[package]]
name = "arborium-glsl"
version = "1.0.8"
dependencies = [
 "arborium-c",
 "arborium-sysroot",
 "arborium-test-harness",
 "arborium-tree-sitter",
 "cc",
]

[[package]]
name = "arborium-glsl-plugin"
version = "0.1.0"
dependencies = [
 "arborium-glsl",
 "arborium-plugin-runtime",
 "arborium-wire",
 "cc",
 "wit-bindgen",
]

[[package]]
name = "arborium-go"
version = "1.0.8"
dependencies = [
 "arborium-sysroot",
 "arborium-test-harness",
 "arborium-tree-sitter",
 "cc",
]

[[package]]
name = "arborium-go-plugin"
version = "0.1.0"
dependencies = [
 "arborium-go",
 "arborium-plugin-runtime",
 "arborium-wire",
 "cc",
 "wit-bindgen",
]

[[package]]
name = "arborium-graphql"
version = "1.0.8"
dependencies = [
 "arborium-sysroot",
 "arborium-test-harness",
 "arborium-tree-sitter",
 "cc",
]

[[package]]
name = "arborium-graphql-plugin"
version = "0.1.0"
dependencies = [
 "arborium-graphql",
 "arborium-plugin-runtime",
 "arborium-wire",
 "cc",
 "wit-bindgen",
]

[[package]]
name = "arborium-haskell"
version = "1.0.8"
dependencies = [
 "arborium-sysroot",
 "arborium-test-harness",
 "arborium-tree-sitter",
 "cc",
]

[[package]]
name = "arborium-haskell-plugin"
version = "0.1.0"
dependencies = [
 "arborium-haskell",
 "arborium-plugin-runtime",
 "arborium-wire",
 "cc",
 "wit-bindgen",
]

[[package]]
name = "arborium-hcl"
version = "1.0.8"
dependencies = [
 "arborium-sysroot",
 "arborium-test-harness",
 "arborium-tree-sitter",
 "cc",
]

[[package]]
name = "arborium-hcl-plugin"
version = "0.1.0"
dependencies = [
 "arborium-hcl",
 "arborium-plugin-runtime",
 "arborium-wire",
 "cc",
 "wit-bindgen",
]

[[package]]
name = "arborium-highlight"
version = "1.1.11"
dependencies = [
 "arborium-theme",
 "arborium-tree-sitter",
 "streaming-iterator",
]

[[package]]
name = "arborium-hlsl"
version = "1.0.8"
dependencies = [
 "arborium-cpp",
 "arborium-sysroot",
 "arborium-test-harness",
 "arborium-tree-sitter",
 "cc",
]

[[package]]
name = "arborium-hlsl-plugin"
version = "0.1.0"
dependencies = [
 "arborium-hlsl",
 "arborium-plugin-runtime",
 "arborium-wire",
 "cc",
 "wit-bindgen",
]

[[package]]
name = "arborium-html"
version = "1.0.8"
dependencies = [
 "arborium-sysroot",
 "arborium-test-harness",
 "arborium-tree-sitter",
 "cc",
]

[[package]]
name = "arborium-html-plugin"
version = "0.1.0"
dependencies = [
 "arborium-html",
 "arborium-plugin-runtime",
 "arborium-wire",
 "cc",
 "wit-bindgen",
]

[[package]]
name = "arborium-idris"
version = "1.0.8"
dependencies = [
 "arborium-sysroot",
 "arborium-test-harness",
 "arborium-tree-sitter",
 "cc",
]

[[package]]
name = "arborium-idris-plugin"
version = "0.1.0"
dependencies = [
 "arborium-idris",
 "arborium-plugin-runtime",
 "arborium-wire",
 "cc",
 "wit-bindgen",
]

[[package]]
name = "arborium-ini"
version = "1.0.8"
dependencies = [
 "arborium-sysroot",
 "arborium-test-harness",
 "arborium-tree-sitter",
 "cc",
]

[[package]]
name = "arborium-ini-plugin"
version = "0.1.0"
dependencies = [
 "arborium-ini",
 "arborium-plugin-runtime",
 "arborium-wire",
 "cc",
 "wit-bindgen",
]

[[package]]
name = "arborium-java"
version = "1.0.8"
dependencies = [
 "arborium-sysroot",
 "arborium-test-harness",
 "arborium-tree-sitter",
 "cc",
]

[[package]]
name = "arborium-java-plugin"
version = "0.1.0"
dependencies = [
 "arborium-java",
 "arborium-plugin-runtime",
 "arborium-wire",
 "cc",
 "wit-bindgen",
]

[[package]]
name = "arborium-javascript"
version = "1.0.8"
dependencies = [
 "arborium-sysroot",
 "arborium-test-harness",
 "arborium-tree-sitter",
 "cc",
]

[[package]]
name = "arborium-javascript-plugin"
version = "0.1.0"
dependencies = [
 "arborium-javascript",
 "arborium-plugin-runtime",
 "arborium-sysroot",
 "arborium-wire",
 "cc",
 "serde-wasm-bindgen",
 "wasm-bindgen",
]

[[package]]
name = "arborium-jinja2"
version = "1.0.8"
dependencies = [
 "arborium-sysroot",
 "arborium-test-harness",
 "arborium-tree-sitter",
 "cc",
]

[[package]]
name = "arborium-jinja2-plugin"
version = "0.1.0"
dependencies = [
 "arborium-jinja2",
 "arborium-plugin-runtime",
 "arborium-wire",
 "cc",
 "wit-bindgen",
]

[[package]]
name = "arborium-jq"
version = "1.0.8"
dependencies = [
 "arborium-sysroot",
 "arborium-test-harness",
 "arborium-tree-sitter",
 "cc",
]

[[package]]
name = "arborium-jq-plugin"
version = "0.1.0"
dependencies = [
 "arborium-jq",
 "arborium-plugin-runtime",
 "arborium-wire",
 "cc",
 "wit-bindgen",
]

[[package]]
name = "arborium-json"
version = "1.0.8"
dependencies = [
 "arborium-sysroot",
 "arborium-test-harness",
 "arborium-tree-sitter",
 "cc",
]

[[package]]
name = "arborium-json-plugin"
version = "0.1.0"
dependencies = [
 "arborium-json",
 "arborium-plugin-runtime",
 "arborium-wire",
 "cc",
 "wit-bindgen",
]

[[package]]
name = "arborium-julia"
version = "1.0.8"
dependencies = [
 "arborium-sysroot",
 "arborium-test-harness",
 "arborium-tree-sitter",
 "cc",
]

[[package]]
name = "arborium-julia-plugin"
version = "0.1.0"
dependencies = [
 "arborium-julia",
 "arborium-plugin-runtime",
 "arborium-wire",
 "cc",
 "wit-bindgen",
]

[[package]]
name = "arborium-kdl"
version = "1.0.8"
dependencies = [
 "arborium-sysroot",
 "arborium-test-harness",
 "arborium-tree-sitter",
 "cc",
]

[[package]]
name = "arborium-kdl-plugin"
version = "0.1.0"
dependencies = [
 "arborium-kdl",
 "arborium-plugin-runtime",
 "arborium-wire",
 "cc",
 "wit-bindgen",
]

[[package]]
name = "arborium-kotlin"
version = "1.0.8"
dependencies = [
 "arborium-sysroot",
 "arborium-test-harness",
 "arborium-tree-sitter",
 "cc",
]

[[package]]
name = "arborium-kotlin-plugin"
version = "0.1.0"
dependencies = [
 "arborium-kotlin",
 "arborium-plugin-runtime",
 "arborium-wire",
 "cc",
 "wit-bindgen",
]

[[package]]
name = "arborium-lean"
version = "1.0.8"
dependencies = [
 "arborium-sysroot",
 "arborium-test-harness",
 "arborium-tree-sitter",
 "cc",
]

[[package]]
name = "arborium-lean-plugin"
version = "0.1.0"
dependencies = [
 "arborium-lean",
 "arborium-plugin-runtime",
 "arborium-wire",
 "cc",
 "wit-bindgen",
]

[[package]]
name = "arborium-lua"
version = "1.0.8"
dependencies = [
 "arborium-sysroot",
 "arborium-test-harness",
 "arborium-tree-sitter",
 "cc",
]

[[package]]
name = "arborium-lua-plugin"
version = "0.1.0"
dependencies = [
 "arborium-lua",
 "arborium-plugin-runtime",
 "arborium-wire",
 "cc",
 "wit-bindgen",
]

[[package]]
name = "arborium-markdown"
version = "1.0.8"
dependencies = [
 "arborium-sysroot",
 "arborium-test-harness",
 "arborium-tree-sitter",
 "cc",
]

[[package]]
name = "arborium-markdown-plugin"
version = "0.1.0"
dependencies = [
 "arborium-markdown",
 "arborium-plugin-runtime",
 "arborium-wire",
 "cc",
 "wit-bindgen",
]

[[package]]
name = "arborium-matlab"
version = "1.0.8"
dependencies = [
 "arborium-sysroot",
 "arborium-test-harness",
 "arborium-tree-sitter",
 "cc",
]

[[package]]
name = "arborium-matlab-plugin"
version = "0.1.0"
dependencies = [
 "arborium-matlab",
 "arborium-plugin-runtime",
 "arborium-wire",
 "cc",
 "wit-bindgen",
]

[[package]]
name = "arborium-meson"
version = "1.0.8"
dependencies = [
 "arborium-sysroot",
 "arborium-test-harness",
 "arborium-tree-sitter",
 "cc",
]

[[package]]
name = "arborium-meson-plugin"
version = "0.1.0"
dependencies = [
 "arborium-meson",
 "arborium-plugin-runtime",
 "arborium-wire",
 "cc",
 "wit-bindgen",
]

[[package]]
name = "arborium-nginx"
version = "1.0.8"
dependencies = [
 "arborium-sysroot",
 "arborium-test-harness",
 "arborium-tree-sitter",
 "cc",
]

[[package]]
name = "arborium-nginx-plugin"
version = "0.1.0"
dependencies = [
 "arborium-nginx",
 "arborium-plugin-runtime",
 "arborium-wire",
 "cc",
 "wit-bindgen",
]

[[package]]
name = "arborium-ninja"
version = "1.0.8"
dependencies = [
 "arborium-sysroot",
 "arborium-test-harness",
 "arborium-tree-sitter",
 "cc",
]

[[package]]
name = "arborium-ninja-plugin"
version = "0.1.0"
dependencies = [
 "arborium-ninja",
 "arborium-plugin-runtime",
 "arborium-wire",
 "cc",
 "wit-bindgen",
]

[[package]]
name = "arborium-nix"
version = "1.0.8"
dependencies = [
 "arborium-sysroot",
 "arborium-test-harness",
 "arborium-tree-sitter",
 "cc",
]

[[package]]
name = "arborium-nix-plugin"
version = "0.1.0"
dependencies = [
 "arborium-nix",
 "arborium-plugin-runtime",
 "arborium-wire",
 "cc",
 "wit-bindgen",
]

[[package]]
name = "arborium-objc"
version = "1.0.8"
dependencies = [
 "arborium-c",
 "arborium-sysroot",
 "arborium-test-harness",
 "arborium-tree-sitter",
 "cc",
]

[[package]]
name = "arborium-objc-plugin"
version = "0.1.0"
dependencies = [
 "arborium-objc",
 "arborium-plugin-runtime",
 "arborium-wire",
 "cc",
 "wit-bindgen",
]

[[package]]
name = "arborium-ocaml"
version = "1.0.8"
dependencies = [
 "arborium-sysroot",
 "arborium-test-harness",
 "arborium-tree-sitter",
 "cc",
]

[[package]]
name = "arborium-ocaml-plugin"
version = "0.1.0"
dependencies = [
 "arborium-ocaml",
 "arborium-plugin-runtime",
 "arborium-wire",
 "cc",
 "wit-bindgen",
]

[[package]]
name = "arborium-perl"
version = "1.0.8"
dependencies = [
 "arborium-sysroot",
 "arborium-test-harness",
 "arborium-tree-sitter",
 "cc",
]

[[package]]
name = "arborium-perl-plugin"
version = "0.1.0"
dependencies = [
 "arborium-perl",
 "arborium-plugin-runtime",
 "arborium-wire",
 "cc",
 "wit-bindgen",
]

[[package]]
name = "arborium-php"
version = "1.0.8"
dependencies = [
 "arborium-sysroot",
 "arborium-test-harness",
 "arborium-tree-sitter",
 "cc",
]

[[package]]
name = "arborium-php-plugin"
version = "0.1.0"
dependencies = [
 "arborium-php",
 "arborium-plugin-runtime",
 "arborium-wire",
 "cc",
 "wit-bindgen",
]

[[package]]
name = "arborium-plugin-runtime"
version = "1.1.11"
dependencies = [
 "arborium-tree-sitter",
 "arborium-wire",
]

[[package]]
name = "arborium-postscript"
version = "1.0.8"
dependencies = [
 "arborium-sysroot",
 "arborium-test-harness",
 "arborium-tree-sitter",
 "cc",
]

[[package]]
name = "arborium-postscript-plugin"
version = "0.1.0"
dependencies = [
 "arborium-plugin-runtime",
 "arborium-postscript",
 "arborium-wire",
 "cc",
 "wit-bindgen",
]

[[package]]
name = "arborium-powershell"
version = "1.0.8"
dependencies = [
 "arborium-sysroot",
 "arborium-test-harness",
 "arborium-tree-sitter",
 "cc",
]

[[package]]
name = "arborium-powershell-plugin"
version = "0.1.0"
dependencies = [
 "arborium-plugin-runtime",
 "arborium-powershell",
 "arborium-wire",
 "cc",
 "wit-bindgen",
]

[[package]]
name = "arborium-prolog"
version = "1.0.8"
dependencies = [
 "arborium-sysroot",
 "arborium-test-harness",
 "arborium-tree-sitter",
 "cc",
]

[[package]]
name = "arborium-prolog-plugin"
version = "0.1.0"
dependencies = [
 "arborium-plugin-runtime",
 "arborium-prolog",
 "arborium-wire",
 "cc",
 "wit-bindgen",
]

[[package]]
name = "arborium-python"
version = "1.1.11"
dependencies = [
 "arborium-sysroot",
 "arborium-test-harness",
 "arborium-tree-sitter",
 "cc",
]

[[package]]
name = "arborium-python-plugin"
version = "0.1.0"
dependencies = [
 "arborium-plugin-runtime",
 "arborium-python",
 "arborium-wire",
 "serde-wasm-bindgen",
 "wasm-bindgen",
]

[[package]]
name = "arborium-query"
version = "1.0.8"
dependencies = [
 "arborium-sysroot",
 "arborium-test-harness",
 "arborium-tree-sitter",
 "cc",
]

[[package]]
name = "arborium-query-plugin"
version = "0.1.0"
dependencies = [
 "arborium-plugin-runtime",
 "arborium-query",
 "arborium-wire",
 "cc",
 "wit-bindgen",
]

[[package]]
name = "arborium-r"
version = "1.0.8"
dependencies = [
 "arborium-sysroot",
 "arborium-test-harness",
 "arborium-tree-sitter",
 "cc",
]

[[package]]
name = "arborium-r-plugin"
version = "0.1.0"
dependencies = [
 "arborium-plugin-runtime",
 "arborium-r",
 "arborium-wire",
 "cc",
 "wit-bindgen",
]

[[package]]
name = "arborium-rescript"
version = "1.0.8"
dependencies = [
 "arborium-sysroot",
 "arborium-test-harness",
 "arborium-tree-sitter",
 "cc",
]

[[package]]
name = "arborium-rescript-plugin"
version = "0.1.0"
dependencies = [
 "arborium-plugin-runtime",
 "arborium-rescript",
 "arborium-wire",
 "cc",
 "wit-bindgen",
]

[[package]]
name = "arborium-ron"
version = "1.0.8"
dependencies = [
 "arborium-sysroot",
 "arborium-test-harness",
 "arborium-tree-sitter",
 "cc",
]

[[package]]
name = "arborium-ron-plugin"
version = "0.1.0"
dependencies = [
 "arborium-plugin-runtime",
 "arborium-ron",
 "arborium-wire",
 "cc",
 "wit-bindgen",
]

[[package]]
name = "arborium-ruby"
version = "1.0.8"
dependencies = [
 "arborium-sysroot",
 "arborium-test-harness",
 "arborium-tree-sitter",
 "cc",
]

[[package]]
name = "arborium-ruby-plugin"
version = "0.1.0"
dependencies = [
 "arborium-plugin-runtime",
 "arborium-ruby",
 "arborium-wire",
 "cc",
 "wit-bindgen",
]

[[package]]
name = "arborium-rust"
version = "1.0.8"
dependencies = [
 "arborium-sysroot",
 "arborium-test-harness",
 "arborium-tree-sitter",
 "cc",
]

[[package]]
name = "arborium-rust-plugin"
version = "0.1.0"
dependencies = [
 "arborium-plugin-runtime",
 "arborium-rust",
 "arborium-wire",
 "cc",
 "wit-bindgen",
]

[[package]]
name = "arborium-scala"
version = "1.0.8"
dependencies = [
 "arborium-sysroot",
 "arborium-test-harness",
 "arborium-tree-sitter",
 "cc",
]

[[package]]
name = "arborium-scala-plugin"
version = "0.1.0"
dependencies = [
 "arborium-plugin-runtime",
 "arborium-scala",
 "arborium-wire",
 "cc",
 "wit-bindgen",
]

[[package]]
name = "arborium-scheme"
version = "1.0.8"
dependencies = [
 "arborium-sysroot",
 "arborium-test-harness",
 "arborium-tree-sitter",
 "cc",
]

[[package]]
name = "arborium-scheme-plugin"
version = "0.1.0"
dependencies = [
 "arborium-plugin-runtime",
 "arborium-scheme",
 "arborium-wire",
 "cc",
 "wit-bindgen",
]

[[package]]
name = "arborium-scss"
version = "1.0.8"
dependencies = [
 "arborium-css",
 "arborium-sysroot",
 "arborium-test-harness",
 "arborium-tree-sitter",
 "cc",
]

[[package]]
name = "arborium-scss-plugin"
version = "0.1.0"
dependencies = [
 "arborium-plugin-runtime",
 "arborium-scss",
 "arborium-wire",
 "cc",
 "wit-bindgen",
]

[[package]]
name = "arborium-sparql"
version = "1.0.8"
dependencies = [
 "arborium-sysroot",
 "arborium-test-harness",
 "arborium-tree-sitter",
 "cc",
]

[[package]]
name = "arborium-sparql-plugin"
version = "0.1.0"
dependencies = [
 "arborium-plugin-runtime",
 "arborium-sparql",
 "arborium-wire",
 "cc",
 "wit-bindgen",
]

[[package]]
name = "arborium-sql"
version = "1.0.8"
dependencies = [
 "arborium-sysroot",
 "arborium-test-harness",
 "arborium-tree-sitter",
 "cc",
]

[[package]]
name = "arborium-sql-plugin"
version = "0.1.0"
dependencies = [
 "arborium-plugin-runtime",
 "arborium-sql",
 "arborium-wire",
 "cc",
 "wit-bindgen",
]

[[package]]
name = "arborium-ssh-config"
version = "1.0.8"
dependencies = [
 "arborium-sysroot",
 "arborium-test-harness",
 "arborium-tree-sitter",
 "cc",
]

[[package]]
name = "arborium-ssh-config-plugin"
version = "0.1.0"
dependencies = [
 "arborium-plugin-runtime",
 "arborium-ssh-config",
 "arborium-wire",
 "cc",
 "wit-bindgen",
]

[[package]]
name = "arborium-starlark"
version = "1.0.8"
dependencies = [
 "arborium-sysroot",
 "arborium-test-harness",
 "arborium-tree-sitter",
 "cc",
]

[[package]]
name = "arborium-starlark-plugin"
version = "0.1.0"
dependencies = [
 "arborium-plugin-runtime",
 "arborium-starlark",
 "arborium-wire",
 "cc",
 "wit-bindgen",
]

[[package]]
name = "arborium-svelte"
version = "1.0.8"
dependencies = [
 "arborium-html",
 "arborium-sysroot",
 "arborium-test-harness",
 "arborium-tree-sitter",
 "cc",
]

[[package]]
name = "arborium-svelte-plugin"
version = "0.1.0"
dependencies = [
 "arborium-plugin-runtime",
 "arborium-svelte",
 "arborium-wire",
 "cc",
 "wit-bindgen",
]

[[package]]
name = "arborium-swift"
version = "1.0.8"
dependencies = [
 "arborium-sysroot",
 "arborium-test-harness",
 "arborium-tree-sitter",
 "cc",
]

[[package]]
name = "arborium-swift-plugin"
version = "0.1.0"
dependencies = [
 "arborium-plugin-runtime",
 "arborium-swift",
 "arborium-wire",
 "cc",
 "wit-bindgen",
]

[[package]]
name = "arborium-sysroot"
version = "1.1.11"

[[package]]
name = "arborium-test-harness"
version = "1.1.11"
dependencies = [
 "arborium-highlight",
 "arborium-theme",
 "arborium-tree-sitter",
]

[[package]]
name = "arborium-textproto"
version = "1.0.8"
dependencies = [
 "arborium-sysroot",
 "arborium-test-harness",
 "arborium-tree-sitter",
 "cc",
]

[[package]]
name = "arborium-textproto-plugin"
version = "0.1.0"
dependencies = [
 "arborium-plugin-runtime",
 "arborium-textproto",
 "arborium-wire",
 "cc",
 "wit-bindgen",
]

[[package]]
name = "arborium-theme"
version = "1.1.11"
dependencies = [
 "toml",
]

[[package]]
name = "arborium-thrift"
version = "1.0.8"
dependencies = [
 "arborium-sysroot",
 "arborium-test-harness",
 "arborium-tree-sitter",
 "cc",
]

[[package]]
name = "arborium-thrift-plugin"
version = "0.1.0"
dependencies = [
 "arborium-plugin-runtime",
 "arborium-thrift",
 "arborium-wire",
 "cc",
 "wit-bindgen",
]

[[package]]
name = "arborium-tlaplus"
version = "1.0.8"
dependencies = [
 "arborium-sysroot",
 "arborium-test-harness",
 "arborium-tree-sitter",
 "cc",
]

[[package]]
name = "arborium-tlaplus-plugin"
version = "0.1.0"
dependencies = [
 "arborium-plugin-runtime",
 "arborium-tlaplus",
 "arborium-wire",
 "cc",
 "wit-bindgen",
]

[[package]]
name = "arborium-toml"
version = "1.0.8"
dependencies = [
 "arborium-sysroot",
 "arborium-test-harness",
 "arborium-tree-sitter",
 "cc",
]

[[package]]
name = "arborium-toml-plugin"
version = "0.1.0"
dependencies = [
 "arborium-plugin-runtime",
 "arborium-toml",
 "arborium-wire",
 "cc",
 "wit-bindgen",
]

[[package]]
name = "arborium-tree-sitter"
version = "1.1.11"
dependencies = [
 "arborium-sysroot",
 "cc",
 "regex",
 "regex-syntax",
 "streaming-iterator",
 "tree-sitter-language",
]

[[package]]
name = "arborium-tsx"
version = "1.0.8"
dependencies = [
 "arborium-javascript",
 "arborium-sysroot",
 "arborium-test-harness",
 "arborium-tree-sitter",
 "cc",
]

[[package]]
name = "arborium-tsx-plugin"
version = "0.1.0"
dependencies = [
 "arborium-plugin-runtime",
 "arborium-tsx",
 "arborium-wire",
 "cc",
 "wit-bindgen",
]

[[package]]
name = "arborium-typescript"
version = "1.0.8"
dependencies = [
 "arborium-javascript",
 "arborium-sysroot",
 "arborium-test-harness",
 "arborium-tree-sitter",
 "cc",
]

[[package]]
name = "arborium-typescript-plugin"
version = "0.1.0"
dependencies = [
 "arborium-plugin-runtime",
 "arborium-typescript",
 "arborium-wire",
 "cc",
 "wit-bindgen",
]

[[package]]
name = "arborium-typst"
version = "1.0.8"
dependencies = [
 "arborium-sysroot",
 "arborium-test-harness",
 "arborium-tree-sitter",
 "cc",
]

[[package]]
name = "arborium-typst-plugin"
version = "0.1.0"
dependencies = [
 "arborium-plugin-runtime",
 "arborium-typst",
 "arborium-wire",
 "cc",
 "wit-bindgen",
]

[[package]]
name = "arborium-uiua"
version = "1.0.8"
dependencies = [
 "arborium-sysroot",
 "arborium-test-harness",
 "arborium-tree-sitter",
 "cc",
]

[[package]]
name = "arborium-uiua-plugin"
version = "0.1.0"
dependencies = [
 "arborium-plugin-runtime",
 "arborium-uiua",
 "arborium-wire",
 "cc",
 "wit-bindgen",
]

[[package]]
name = "arborium-vb"
version = "1.0.8"
dependencies = [
 "arborium-sysroot",
 "arborium-test-harness",
 "arborium-tree-sitter",
 "cc",
]

[[package]]
name = "arborium-vb-plugin"
version = "0.1.0"
dependencies = [
 "arborium-plugin-runtime",
 "arborium-vb",
 "arborium-wire",
 "cc",
 "wit-bindgen",
]

[[package]]
name = "arborium-verilog"
version = "1.0.8"
dependencies = [
 "arborium-sysroot",
 "arborium-test-harness",
 "arborium-tree-sitter",
 "cc",
]

[[package]]
name = "arborium-verilog-plugin"
version = "0.1.0"
dependencies = [
 "arborium-plugin-runtime",
 "arborium-verilog",
 "arborium-wire",
 "cc",
 "wit-bindgen",
]

[[package]]
name = "arborium-vhdl"
version = "1.0.8"
dependencies = [
 "arborium-sysroot",
 "arborium-test-harness",
 "arborium-tree-sitter",
 "cc",
]

[[package]]
name = "arborium-vhdl-plugin"
version = "0.1.0"
dependencies = [
 "arborium-plugin-runtime",
 "arborium-vhdl",
 "arborium-wire",
 "cc",
 "wit-bindgen",
]

[[package]]
name = "arborium-vim"
version = "1.0.8"
dependencies = [
 "arborium-sysroot",
 "arborium-test-harness",
 "arborium-tree-sitter",
 "cc",
]

[[package]]
name = "arborium-vim-plugin"
version = "0.1.0"
dependencies = [
 "arborium-plugin-runtime",
 "arborium-vim",
 "arborium-wire",
 "cc",
 "wit-bindgen",
]

[[package]]
name = "arborium-vue"
version = "1.0.8"
dependencies = [
 "arborium-html",
 "arborium-sysroot",
 "arborium-test-harness",
 "arborium-tree-sitter",
 "cc",
]

[[package]]
name = "arborium-vue-plugin"
version = "0.1.0"
dependencies = [
 "arborium-plugin-runtime",
 "arborium-vue",
 "arborium-wire",
 "cc",
 "wit-bindgen",
]

[[package]]
name = "arborium-wire"
version = "1.1.11"
dependencies = [
 "serde",
]

[[package]]
name = "arborium-x86asm"
version = "1.0.8"
dependencies = [
 "arborium-sysroot",
 "arborium-test-harness",
 "arborium-tree-sitter",
 "cc",
]

[[package]]
name = "arborium-x86asm-plugin"
version = "0.1.0"
dependencies = [
 "arborium-plugin-runtime",
 "arborium-wire",
 "arborium-x86asm",
 "cc",
 "wit-bindgen",
]

[[package]]
name = "arborium-xml"
version = "1.0.8"
dependencies = [
 "arborium-sysroot",
 "arborium-test-harness",
 "arborium-tree-sitter",
 "cc",
]

[[package]]
name = "arborium-xml-plugin"
version = "0.1.0"
dependencies = [
 "arborium-plugin-runtime",
 "arborium-wire",
 "arborium-xml",
 "cc",
 "wit-bindgen",
]

[[package]]
name = "arborium-yaml"
version = "1.0.8"
dependencies = [
 "arborium-sysroot",
 "arborium-test-harness",
 "arborium-tree-sitter",
 "cc",
]

[[package]]
name = "arborium-yaml-plugin"
version = "0.1.0"
dependencies = [
 "arborium-plugin-runtime",
 "arborium-wire",
 "arborium-yaml",
 "cc",
 "wit-bindgen",
]

[[package]]
name = "arborium-yuri"
version = "1.0.8"
dependencies = [
 "arborium-sysroot",
 "arborium-test-harness",
 "arborium-tree-sitter",
 "cc",
]

[[package]]
name = "arborium-yuri-plugin"
version = "0.1.0"
dependencies = [
 "arborium-plugin-runtime",
 "arborium-wire",
 "arborium-yuri",
 "cc",
 "wit-bindgen",
]

[[package]]
name = "arborium-zig"
version = "1.0.8"
dependencies = [
 "arborium-sysroot",
 "arborium-test-harness",
 "arborium-tree-sitter",
 "cc",
]

[[package]]
name = "arborium-zig-plugin"
version = "0.1.0"
dependencies = [
 "arborium-plugin-runtime",
 "arborium-wire",
 "arborium-zig",
 "cc",
 "wit-bindgen",
]

[[package]]
name = "arborium-zsh"
version = "1.0.8"
dependencies = [
 "arborium-sysroot",
 "arborium-test-harness",
 "arborium-tree-sitter",
 "cc",
]

[[package]]
name = "arborium-zsh-plugin"
version = "0.1.0"
dependencies = [
 "arborium-plugin-runtime",
 "arborium-wire",
 "arborium-zsh",
 "cc",
 "wit-bindgen",
]

[[package]]
name = "bitflags"
version = "2.10.0"
source = "registry+https://github.com/rust-lang/crates.io-index"
checksum = "812e12b5285cc515a9c72a5c1d3b6d46a19dac5acfef5265968c166106e31dd3"

[[package]]
name = "bumpalo"
version = "3.19.0"
source = "registry+https://github.com/rust-lang/crates.io-index"
checksum = "46c5e41b57b8bba42a04676d81cb89e9ee8e859a1a66f80a5a72e1cb76b34d43"

[[package]]
name = "cc"
version = "1.2.49"
source = "registry+https://github.com/rust-lang/crates.io-index"
checksum = "90583009037521a116abf44494efecd645ba48b6622457080f080b85544e2215"
dependencies = [
 "find-msvc-tools",
 "shlex",
]

[[package]]
name = "cfg-if"
version = "1.0.4"
source = "registry+https://github.com/rust-lang/crates.io-index"
checksum = "9330f8b2ff13f34540b44e946ef35111825727b38d33286ef986142615121801"

[[package]]
name = "equivalent"
version = "1.0.2"
source = "registry+https://github.com/rust-lang/crates.io-index"
checksum = "877a4ace8713b0bcf2a4e7eec82529c029f1d0619886d18145fea96c3ffe5c0f"

[[package]]
name = "find-msvc-tools"
version = "0.1.5"
source = "registry+https://github.com/rust-lang/crates.io-index"
checksum = "3a3076410a55c90011c298b04d0cfa770b00fa04e1e3c97d3f6c9de105a03844"

[[package]]
name = "hashbrown"
version = "0.14.5"
source = "registry+https://github.com/rust-lang/crates.io-index"
checksum = "e5274423e17b7c9fc20b6e7e208532f9b19825d82dfd615708b70edd83df41f1"
dependencies = [
 "ahash",
]

[[package]]
name = "hashbrown"
version = "0.16.1"
source = "registry+https://github.com/rust-lang/crates.io-index"
checksum = "841d1cc9bed7f9236f321df977030373f4a4163ae1a7dbfe1a51a2c1a51d9100"

[[package]]
name = "heck"
version = "0.5.0"
source = "registry+https://github.com/rust-lang/crates.io-index"
checksum = "2304e00983f87ffb38b55b444b5e3b60a884b5d30c0fca7d82fe33449bbe55ea"

[[package]]
name = "id-arena"
version = "2.2.1"
source = "registry+https://github.com/rust-lang/crates.io-index"
checksum = "25a2bc672d1148e28034f176e01fffebb08b35768468cc954630da77a1449005"

[[package]]
name = "indexmap"
version = "2.12.1"
source = "registry+https://github.com/rust-lang/crates.io-index"
checksum = "0ad4bb2b565bca0645f4d68c5c9af97fba094e9791da685bf83cb5f3ce74acf2"
dependencies = [
 "equivalent",
 "hashbrown 0.16.1",
 "serde",
 "serde_core",
]

[[package]]
name = "itoa"
version = "1.0.15"
source = "registry+https://github.com/rust-lang/crates.io-index"
checksum = "4a5f13b858c8d314ee3e8f639011f7ccefe71f97f96e50151fb991f267928e2c"

[[package]]
name = "js-sys"
version = "0.3.83"
source = "registry+https://github.com/rust-lang/crates.io-index"
checksum = "464a3709c7f55f1f721e5389aa6ea4e3bc6aba669353300af094b29ffbdde1d8"
dependencies = [
 "once_cell",
 "wasm-bindgen",
]

[[package]]
name = "leb128"
version = "0.2.5"
source = "registry+https://github.com/rust-lang/crates.io-index"
checksum = "884e2677b40cc8c339eaefcb701c32ef1fd2493d71118dc0ca4b6a736c93bd67"

[[package]]
name = "log"
version = "0.4.29"
source = "registry+https://github.com/rust-lang/crates.io-index"
checksum = "5e5032e24019045c762d3c0f28f5b6b8bbf38563a65908389bf7978758920897"

[[package]]
name = "memchr"
version = "2.7.6"
source = "registry+https://github.com/rust-lang/crates.io-index"
checksum = "f52b00d39961fc5b2736ea853c9cc86238e165017a493d1d5c8eac6bdc4cc273"

[[package]]
name = "once_cell"
version = "1.21.3"
source = "registry+https://github.com/rust-lang/crates.io-index"
checksum = "42f5e15c9953c5e4ccceeb2e7382a716482c34515315f7b03532b8b4e8393d2d"

[[package]]
name = "prettyplease"
version = "0.2.37"
source = "registry+https://github.com/rust-lang/crates.io-index"
checksum = "479ca8adacdd7ce8f1fb39ce9ecccbfe93a3f1344b3d0d97f20bc0196208f62b"
dependencies = [
 "proc-macro2",
 "syn",
]

[[package]]
name = "proc-macro2"
version = "1.0.103"
source = "registry+https://github.com/rust-lang/crates.io-index"
checksum = "5ee95bc4ef87b8d5ba32e8b7714ccc834865276eab0aed5c9958d00ec45f49e8"
dependencies = [
 "unicode-ident",
]

[[package]]
name = "quote"
version = "1.0.42"
source = "registry+https://github.com/rust-lang/crates.io-index"
checksum = "a338cc41d27e6cc6dce6cefc13a0729dfbb81c262b1f519331575dd80ef3067f"
dependencies = [
 "proc-macro2",
]

[[package]]
name = "regex"
version = "1.12.2"
source = "registry+https://github.com/rust-lang/crates.io-index"
checksum = "843bc0191f75f3e22651ae5f1e72939ab2f72a4bc30fa80a066bd66edefc24d4"
dependencies = [
 "aho-corasick",
 "memchr",
 "regex-automata",
 "regex-syntax",
]

[[package]]
name = "regex-automata"
version = "0.4.13"
source = "registry+https://github.com/rust-lang/crates.io-index"
checksum = "5276caf25ac86c8d810222b3dbb938e512c55c6831a10f3e6ed1c93b84041f1c"
dependencies = [
 "aho-corasick",
 "memchr",
 "regex-syntax",
]

[[package]]
name = "regex-syntax"
version = "0.8.8"
source = "registry+https://github.com/rust-lang/crates.io-index"
checksum = "7a2d987857b319362043e95f5353c0535c1f58eec5336fdfcf626430af7def58"

[[package]]
name = "rustversion"
version = "1.0.22"
source = "registry+https://github.com/rust-lang/crates.io-index"
checksum = "b39cdef0fa800fc44525c84ccb54a029961a8215f9619753635a9c0d2538d46d"

[[package]]
name = "ryu"
version = "1.0.20"
source = "registry+https://github.com/rust-lang/crates.io-index"
checksum = "28d3b2b1366ec20994f1fd18c3c594f05c5dd4bc44d8bb0c1c632c8d6829481f"

[[package]]
name = "semver"
version = "1.0.27"
source = "registry+https://github.com/rust-lang/crates.io-index"
checksum = "d767eb0aabc880b29956c35734170f26ed551a859dbd361d140cdbeca61ab1e2"

[[package]]
name = "serde"
version = "1.0.228"
source = "registry+https://github.com/rust-lang/crates.io-index"
checksum = "9a8e94ea7f378bd32cbbd37198a4a91436180c5bb472411e48b5ec2e2124ae9e"
dependencies = [
 "serde_core",
 "serde_derive",
]

[[package]]
name = "serde-wasm-bindgen"
version = "0.6.5"
source = "registry+https://github.com/rust-lang/crates.io-index"
checksum = "8302e169f0eddcc139c70f139d19d6467353af16f9fce27e8c30158036a1e16b"
dependencies = [
 "js-sys",
 "serde",
 "wasm-bindgen",
]

[[package]]
name = "serde_core"
version = "1.0.228"
source = "registry+https://github.com/rust-lang/crates.io-index"
checksum = "41d385c7d4ca58e59fc732af25c3983b67ac852c1a25000afe1175de458b67ad"
dependencies = [
 "serde_derive",
]

[[package]]
name = "serde_derive"
version = "1.0.228"
source = "registry+https://github.com/rust-lang/crates.io-index"
checksum = "d540f220d3187173da220f885ab66608367b6574e925011a9353e4badda91d79"
dependencies = [
 "proc-macro2",
 "quote",
 "syn",
]

[[package]]
name = "serde_json"
version = "1.0.145"
source = "registry+https://github.com/rust-lang/crates.io-index"
checksum = "402a6f66d8c709116cf22f558eab210f5a50187f702eb4d7e5ef38d9a7f1c79c"
dependencies = [
 "itoa",
 "memchr",
 "ryu",
 "serde",
 "serde_core",
]

[[package]]
name = "serde_spanned"
version = "0.6.9"
source = "registry+https://github.com/rust-lang/crates.io-index"
checksum = "bf41e0cfaf7226dca15e8197172c295a782857fcb97fad1808a166870dee75a3"
dependencies = [
 "serde",
]

[[package]]
name = "shlex"
version = "1.3.0"
source = "registry+https://github.com/rust-lang/crates.io-index"
checksum = "0fda2ff0d084019ba4d7c6f371c95d8fd75ce3524c3cb8fb653a3023f6323e64"

[[package]]
name = "smallvec"
version = "1.15.1"
source = "registry+https://github.com/rust-lang/crates.io-index"
checksum = "67b1b7a3b5fe4f1376887184045fcf45c69e92af734b7aaddc05fb777b6fbd03"

[[package]]
name = "spdx"
version = "0.10.9"
source = "registry+https://github.com/rust-lang/crates.io-index"
checksum = "c3e17e880bafaeb362a7b751ec46bdc5b61445a188f80e0606e68167cd540fa3"
dependencies = [
 "smallvec",
]

[[package]]
name = "streaming-iterator"
version = "0.1.9"
source = "registry+https://github.com/rust-lang/crates.io-index"
checksum = "2b2231b7c3057d5e4ad0156fb3dc807d900806020c5ffa3ee6ff2c8c76fb8520"

[[package]]
name = "syn"
version = "2.0.111"
source = "registry+https://github.com/rust-lang/crates.io-index"
checksum = "390cc9a294ab71bdb1aa2e99d13be9c753cd2d7bd6560c77118597410c4d2e87"
dependencies = [
 "proc-macro2",
 "quote",
 "unicode-ident",
]

[[package]]
name = "toml"
version = "0.8.23"
source = "registry+https://github.com/rust-lang/crates.io-index"
checksum = "dc1beb996b9d83529a9e75c17a1686767d148d70663143c7854d8b4a09ced362"
dependencies = [
 "serde",
 "serde_spanned",
 "toml_datetime",
 "toml_edit",
]

[[package]]
name = "toml_datetime"
version = "0.6.11"
source = "registry+https://github.com/rust-lang/crates.io-index"
checksum = "22cddaf88f4fbc13c51aebbf5f8eceb5c7c5a9da2ac40a13519eb5b0a0e8f11c"
dependencies = [
 "serde",
]

[[package]]
name = "toml_edit"
version = "0.22.27"
source = "registry+https://github.com/rust-lang/crates.io-index"
checksum = "41fe8c660ae4257887cf66394862d21dbca4a6ddd26f04a3560410406a2f819a"
dependencies = [
 "indexmap",
 "serde",
 "serde_spanned",
 "toml_datetime",
 "toml_write",
 "winnow",
]

[[package]]
name = "toml_write"
version = "0.1.2"
source = "registry+https://github.com/rust-lang/crates.io-index"
checksum = "5d99f8c9a7727884afe522e9bd5edbfc91a3312b36a77b5fb8926e4c31a41801"

[[package]]
name = "tree-sitter-language"
version = "0.1.5"

[[package]]
name = "unicode-ident"
version = "1.0.22"
source = "registry+https://github.com/rust-lang/crates.io-index"
checksum = "9312f7c4f6ff9069b165498234ce8be658059c6728633667c526e27dc2cf1df5"

[[package]]
name = "unicode-xid"
version = "0.2.6"
source = "registry+https://github.com/rust-lang/crates.io-index"
checksum = "ebc1c04c71510c7f702b52b7c350734c9ff1295c464a03335b00bb84fc54f853"

[[package]]
name = "version_check"
version = "0.9.5"
source = "registry+https://github.com/rust-lang/crates.io-index"
checksum = "0b928f33d975fc6ad9f86c8f283853ad26bdd5b10b7f1542aa2fa15e2289105a"

[[package]]
name = "wasm-bindgen"
version = "0.2.106"
source = "registry+https://github.com/rust-lang/crates.io-index"
checksum = "0d759f433fa64a2d763d1340820e46e111a7a5ab75f993d1852d70b03dbb80fd"
dependencies = [
 "cfg-if",
 "once_cell",
 "rustversion",
 "wasm-bindgen-macro",
 "wasm-bindgen-shared",
]

[[package]]
name = "wasm-bindgen-macro"
version = "0.2.106"
source = "registry+https://github.com/rust-lang/crates.io-index"
checksum = "48cb0d2638f8baedbc542ed444afc0644a29166f1595371af4fecf8ce1e7eeb3"
dependencies = [
 "quote",
 "wasm-bindgen-macro-support",
]

[[package]]
name = "wasm-bindgen-macro-support"
version = "0.2.106"
source = "registry+https://github.com/rust-lang/crates.io-index"
checksum = "cefb59d5cd5f92d9dcf80e4683949f15ca4b511f4ac0a6e14d4e1ac60c6ecd40"
dependencies = [
 "bumpalo",
 "proc-macro2",
 "quote",
 "syn",
 "wasm-bindgen-shared",
]

[[package]]
name = "wasm-bindgen-shared"
version = "0.2.106"
source = "registry+https://github.com/rust-lang/crates.io-index"
checksum = "cbc538057e648b67f72a982e708d485b2efa771e1ac05fec311f9f63e5800db4"
dependencies = [
 "unicode-ident",
]

[[package]]
name = "wasm-encoder"
version = "0.220.1"
source = "registry+https://github.com/rust-lang/crates.io-index"
checksum = "e913f9242315ca39eff82aee0e19ee7a372155717ff0eb082c741e435ce25ed1"
dependencies = [
 "leb128",
 "wasmparser",
]

[[package]]
name = "wasm-metadata"
version = "0.220.1"
source = "registry+https://github.com/rust-lang/crates.io-index"
checksum = "185dfcd27fa5db2e6a23906b54c28199935f71d9a27a1a27b3a88d6fee2afae7"
dependencies = [
 "anyhow",
 "indexmap",
 "serde",
 "serde_derive",
 "serde_json",
 "spdx",
 "wasm-encoder",
 "wasmparser",
]

[[package]]
name = "wasmparser"
version = "0.220.1"
source = "registry+https://github.com/rust-lang/crates.io-index"
checksum = "8d07b6a3b550fefa1a914b6d54fc175dd11c3392da11eee604e6ffc759805d25"
dependencies = [
 "ahash",
 "bitflags",
 "hashbrown 0.14.5",
 "indexmap",
 "semver",
]

[[package]]
name = "winnow"
version = "0.7.14"
source = "registry+https://github.com/rust-lang/crates.io-index"
checksum = "5a5364e9d77fcdeeaa6062ced926ee3381faa2ee02d3eb83a5c27a8825540829"
dependencies = [
 "memchr",
]

[[package]]
name = "wit-bindgen"
version = "0.36.0"
source = "registry+https://github.com/rust-lang/crates.io-index"
checksum = "6a2b3e15cd6068f233926e7d8c7c588b2ec4fb7cc7bf3824115e7c7e2a8485a3"
dependencies = [
 "wit-bindgen-rt",
 "wit-bindgen-rust-macro",
]

[[package]]
name = "wit-bindgen-core"
version = "0.36.0"
source = "registry+https://github.com/rust-lang/crates.io-index"
checksum = "b632a5a0fa2409489bd49c9e6d99fcc61bb3d4ce9d1907d44662e75a28c71172"
dependencies = [
 "anyhow",
 "heck",
 "wit-parser",
]

[[package]]
name = "wit-bindgen-rt"
version = "0.36.0"
source = "registry+https://github.com/rust-lang/crates.io-index"
checksum = "7947d0131c7c9da3f01dfde0ab8bd4c4cf3c5bd49b6dba0ae640f1fa752572ea"
dependencies = [
 "bitflags",
]

[[package]]
name = "wit-bindgen-rust"
version = "0.36.0"
source = "registry+https://github.com/rust-lang/crates.io-index"
checksum = "4329de4186ee30e2ef30a0533f9b3c123c019a237a7c82d692807bf1b3ee2697"
dependencies = [
 "anyhow",
 "heck",
 "indexmap",
 "prettyplease",
 "syn",
 "wasm-metadata",
 "wit-bindgen-core",
 "wit-component",
]

[[package]]
name = "wit-bindgen-rust-macro"
version = "0.36.0"
source = "registry+https://github.com/rust-lang/crates.io-index"
checksum = "177fb7ee1484d113b4792cc480b1ba57664bbc951b42a4beebe573502135b1fc"
dependencies = [
 "anyhow",
 "prettyplease",
 "proc-macro2",
 "quote",
 "syn",
 "wit-bindgen-core",
 "wit-bindgen-rust",
]

[[package]]
name = "wit-component"
version = "0.220.1"
source = "registry+https://github.com/rust-lang/crates.io-index"
checksum = "b505603761ed400c90ed30261f44a768317348e49f1864e82ecdc3b2744e5627"
dependencies = [
 "anyhow",
 "bitflags",
 "indexmap",
 "log",
 "serde",
 "serde_derive",
 "serde_json",
 "wasm-encoder",
 "wasm-metadata",
 "wasmparser",
 "wit-parser",
]

[[package]]
name = "wit-parser"
version = "0.220.1"
source = "registry+https://github.com/rust-lang/crates.io-index"
checksum = "ae2a7999ed18efe59be8de2db9cb2b7f84d88b27818c79353dfc53131840fe1a"
dependencies = [
 "anyhow",
 "id-arena",
 "indexmap",
 "log",
 "semver",
 "serde",
 "serde_derive",
 "serde_json",
 "unicode-xid",
 "wasmparser",
]

[[package]]
name = "zerocopy"
version = "0.8.31"
source = "registry+https://github.com/rust-lang/crates.io-index"
checksum = "fd74ec98b9250adb3ca554bdde269adf631549f51d8a8f8f0a10b50f1cb298c3"
dependencies = [
 "zerocopy-derive",
]

[[package]]
name = "zerocopy-derive"
version = "0.8.31"
source = "registry+https://github.com/rust-lang/crates.io-index"
checksum = "d8a8d209fdf45cf5138cbb5a506f6b52522a25afccc534d1475dad8e31105c6a"
dependencies = [
 "proc-macro2",
 "quote",
 "syn",
]
